
Microsoft Visual Studio Solution File, Format Version 12.00
# Visual Studio 15
VisualStudioVersion = 15.0.28307.1022
MinimumVisualStudioVersion = 10.0.40219.1
Project("{FAE04EC0-301F-11D3-BF4B-00C04F79EFBC}") = "SignalrApp", "SignalrApp\SignalrApp.csproj", "{AC440D74-935C-4713-A919-0737D915C3F5}"
EndProject
Global
	GlobalSection(SolutionConfigurationPlatforms) = preSolution
		Debug|Any CPU = Debug|Any CPU
		Release|Any CPU = Release|Any CPU
	EndGlobalSection
	GlobalSection(ProjectConfigurationPlatforms) = postSolution
		{AC440D74-935C-4713-A919-0737D915C3F5}.Debug|Any CPU.ActiveCfg = Debug|Any CPU
		{AC440D74-935C-4713-A919-0737D915C3F5}.Debug|Any CPU.Build.0 = Debug|Any CPU
		{AC440D74-935C-4713-A919-0737D915C3F5}.Release|Any CPU.ActiveCfg = Release|Any CPU
		{AC440D74-935C-4713-A919-0737D915C3F5}.Release|Any CPU.Build.0 = Release|Any CPU
	EndGlobalSection
	GlobalSection(SolutionProperties) = preSolution
		HideSolutionNode = FALSE
	EndGlobalSection
	GlobalSection(ExtensibilityGlobals) = postSolution
		SolutionGuid = {6AE50D08-878E-4670-A96F-4FE579F718F2}
	EndGlobalSection
EndGlobal
